
Microsoft Visual Studio Solution File, Format Version 12.00
# Visual Studio Version 16
VisualStudioVersion = 16.0.31205.134
MinimumVisualStudioVersion = 10.0.40219.1
Project("{9A19103F-16F7-4668-BE54-9A1E7A4F7556}") = "WebIdentity", "WebIdentity\WebIdentity.csproj", "{E2A490B4-C754-4930-9F4A-49A9BC791E28}"
EndProject
Project("{9A19103F-16F7-4668-BE54-9A1E7A4F7556}") = "AspNetCore.Identity.Localization.Core", "AspNetCore.Identity.Localization.Core\AspNetCore.Identity.Localization.Core.csproj", "{D5F937A1-D3AE-4E76-B746-26ED3D308F60}"
EndProject
Global
	GlobalSection(SolutionConfigurationPlatforms) = preSolution
		Debug|Any CPU = Debug|Any CPU
		Release|Any CPU = Release|Any CPU
	EndGlobalSection
	GlobalSection(ProjectConfigurationPlatforms) = postSolution
		{E2A490B4-C754-4930-9F4A-49A9BC791E28}.Debug|Any CPU.ActiveCfg = Debug|Any CPU
		{E2A490B4-C754-4930-9F4A-49A9BC791E28}.Debug|Any CPU.Build.0 = Debug|Any CPU
		{E2A490B4-C754-4930-9F4A-49A9BC791E28}.Release|Any CPU.ActiveCfg = Release|Any CPU
		{E2A490B4-C754-4930-9F4A-49A9BC791E28}.Release|Any CPU.Build.0 = Release|Any CPU
		{D5F937A1-D3AE-4E76-B746-26ED3D308F60}.Debug|Any CPU.ActiveCfg = Debug|Any CPU
		{D5F937A1-D3AE-4E76-B746-26ED3D308F60}.Debug|Any CPU.Build.0 = Debug|Any CPU
		{D5F937A1-D3AE-4E76-B746-26ED3D308F60}.Release|Any CPU.ActiveCfg = Release|Any CPU
		{D5F937A1-D3AE-4E76-B746-26ED3D308F60}.Release|Any CPU.Build.0 = Release|Any CPU
	EndGlobalSection
	GlobalSection(SolutionProperties) = preSolution
		HideSolutionNode = FALSE
	EndGlobalSection
	GlobalSection(ExtensibilityGlobals) = postSolution
		SolutionGuid = {878392B5-D077-4FA6-91FB-BD84C32F6153}
	EndGlobalSection
EndGlobal
